<?xml version="1.0" encoding="utf-8"?>
<Project ToolsVersion="4.0" xmlns="http://schemas.microsoft.com/developer/msbuild/2003">
  <ItemGroup>
    <Filter Include="src">
      <UniqueIdentifier>{a3e05cb4-c57a-4768-bbab-4320f1e6688d}</UniqueIdentifier>
    </Filter>
    <Filter Include="src\error">
      <UniqueIdentifier>{b372c53d-e138-4830-ad6e-559d6cb3c69d}</UniqueIdentifier>
    </Filter>
    <Filter Include="include">
      <UniqueIdentifier>{5161d9fb-b4ec-444c-a8f8-31ea20b0a62d}</UniqueIdentifier>
    </Filter>
    <Filter Include="include\ncstreamer_remote">
      <UniqueIdentifier>{fe4595f9-fee8-4b9a-9f1c-0fd55e7ad79e}</UniqueIdentifier>
    </Filter>
    <Filter Include="include\ncstreamer_remote\error">
      <UniqueIdentifier>{b471c17e-dc8c-4281-9436-e8a3f24056f4}</UniqueIdentifier>
    </Filter>
  </ItemGroup>
  <ItemGroup>
    <ClCompile Include="..\..\ncstreamer_remote_dll\src\ncstreamer_remote.cc">
      <Filter>src</Filter>
    </ClCompile>
    <ClCompile Include="..\..\ncstreamer_remote_dll\src\ncstreamer_remote_message_types.cc">
      <Filter>src</Filter>
    </ClCompile>
    <ClCompile Include="..\..\ncstreamer_remote_dll\src\error\error_converter.cc">
      <Filter>src\error</Filter>
    </ClCompile>
  </ItemGroup>
  <ItemGroup>
    <ClInclude Include="..\..\ncstreamer_remote_dll\include\ncstreamer_remote\ncstreamer_remote.h">
      <Filter>include\ncstreamer_remote</Filter>
    </ClInclude>
    <ClInclude Include="..\..\ncstreamer_remote_dll\src\ncstreamer_remote_message_types.h">
      <Filter>src</Filter>
    </ClInclude>
    <ClInclude Include="..\..\ncstreamer_remote_dll\src\error\error_converter.h">
      <Filter>src\error</Filter>
    </ClInclude>
    <ClInclude Include="..\..\ncstreamer_remote_dll\include\ncstreamer_remote\error\error_types.h">
      <Filter>include\ncstreamer_remote\error</Filter>
    </ClInclude>
  </ItemGroup>
</Project>